
Microsoft Visual Studio Solution File, Format Version 12.00
# Visual Studio Version 17
VisualStudioVersion = 17.9.34723.18
MinimumVisualStudioVersion = 10.0.40219.1
Project("{FAE04EC0-301F-11D3-BF4B-00C04F79EFBC}") = "aajilaTS1", "aajilaTS1\aajilaTS1.csproj", "{01BFA7F3-689F-4BCC-8F08-B08B57EDD852}"
EndProject
Global
	GlobalSection(SolutionConfigurationPlatforms) = preSolution
		Debug|Any CPU = Debug|Any CPU
		Release|Any CPU = Release|Any CPU
	EndGlobalSection
	GlobalSection(ProjectConfigurationPlatforms) = postSolution
		{01BFA7F3-689F-4BCC-8F08-B08B57EDD852}.Debug|Any CPU.ActiveCfg = Debug|Any CPU
		{01BFA7F3-689F-4BCC-8F08-B08B57EDD852}.Debug|Any CPU.Build.0 = Debug|Any CPU
		{01BFA7F3-689F-4BCC-8F08-B08B57EDD852}.Debug|Any CPU.Deploy.0 = Debug|Any CPU
		{01BFA7F3-689F-4BCC-8F08-B08B57EDD852}.Release|Any CPU.ActiveCfg = Release|Any CPU
		{01BFA7F3-689F-4BCC-8F08-B08B57EDD852}.Release|Any CPU.Build.0 = Release|Any CPU
		{01BFA7F3-689F-4BCC-8F08-B08B57EDD852}.Release|Any CPU.Deploy.0 = Release|Any CPU
	EndGlobalSection
	GlobalSection(SolutionProperties) = preSolution
		HideSolutionNode = FALSE
	EndGlobalSection
	GlobalSection(ExtensibilityGlobals) = postSolution
		SolutionGuid = {A7CBC343-56C0-4BDC-8AFD-00B8688D5F31}
	EndGlobalSection
EndGlobal
